// !$*UTF8*$!
{
	archiveVersion = 1;
	classes = {
	};
	objectVersion = 56;
	objects = {

/* Begin PBXBuildFile section */
		705AB1FE2BFA19430039B642 /* CategoryView.swift in Sources */ = {isa = PBXBuildFile; fileRef = 705AB1FD2BFA19430039B642 /* CategoryView.swift */; };
		705AB2032BFA23670039B642 /* DetailsIngredientsView.swift in Sources */ = {isa = PBXBuildFile; fileRef = 705AB2022BFA23670039B642 /* DetailsIngredientsView.swift */; };
		705AB2062BFA23AF0039B642 /* DetailsDirectionsView.swift in Sources */ = {isa = PBXBuildFile; fileRef = 705AB2052BFA23AF0039B642 /* DetailsDirectionsView.swift */; };
		705AB2092BFA27F80039B642 /* DetailsLastModifiedView.swift in Sources */ = {isa = PBXBuildFile; fileRef = 705AB2082BFA27F80039B642 /* DetailsLastModifiedView.swift */; };
		705AB20F2BFA393D0039B642 /* SizeCalculator.swift in Sources */ = {isa = PBXBuildFile; fileRef = 705AB20E2BFA393D0039B642 /* SizeCalculator.swift */; };
		705AB2112BFA405F0039B642 /* Date+Extensions.swift in Sources */ = {isa = PBXBuildFile; fileRef = 705AB2102BFA405F0039B642 /* Date+Extensions.swift */; };
		705AB2132BFA71310039B642 /* FilterResultsClient.swift in Sources */ = {isa = PBXBuildFile; fileRef = 705AB2122BFA71310039B642 /* FilterResultsClient.swift */; };
		705AB2152BFA713E0039B642 /* FilterResultsClientProtocol.swift in Sources */ = {isa = PBXBuildFile; fileRef = 705AB2142BFA713E0039B642 /* FilterResultsClientProtocol.swift */; };
		705AB2172BFA71570039B642 /* FilterResultsNetworkResponse.swift in Sources */ = {isa = PBXBuildFile; fileRef = 705AB2162BFA71570039B642 /* FilterResultsNetworkResponse.swift */; };
		705AB2192BFA71630039B642 /* FilterResultClientModel.swift in Sources */ = {isa = PBXBuildFile; fileRef = 705AB2182BFA71630039B642 /* FilterResultClientModel.swift */; };
		705AB2202BFA756D0039B642 /* FilterResultsUseCaseProtocol.swift in Sources */ = {isa = PBXBuildFile; fileRef = 705AB21F2BFA756D0039B642 /* FilterResultsUseCaseProtocol.swift */; };
		705AB2222BFA75770039B642 /* FilterResultsUseCase.swift in Sources */ = {isa = PBXBuildFile; fileRef = 705AB2212BFA75770039B642 /* FilterResultsUseCase.swift */; };
		705AB2252BFA75B90039B642 /* FilterResultUseCaseModel.swift in Sources */ = {isa = PBXBuildFile; fileRef = 705AB2242BFA75B90039B642 /* FilterResultUseCaseModel.swift */; };
		705AB2282BFA76C10039B642 /* FilterResultsViewModel.swift in Sources */ = {isa = PBXBuildFile; fileRef = 705AB2272BFA76C10039B642 /* FilterResultsViewModel.swift */; };
		705AB22C2BFA789E0039B642 /* FilterResultCocktailModel.swift in Sources */ = {isa = PBXBuildFile; fileRef = 705AB22B2BFA789E0039B642 /* FilterResultCocktailModel.swift */; };
		70DB834D2BF8CDF30032BBB8 /* CoqtailsApp.swift in Sources */ = {isa = PBXBuildFile; fileRef = 70DB834C2BF8CDF30032BBB8 /* CoqtailsApp.swift */; };
		70DB834F2BF8CDF30032BBB8 /* ContentView.swift in Sources */ = {isa = PBXBuildFile; fileRef = 70DB834E2BF8CDF30032BBB8 /* ContentView.swift */; };
		70DB83512BF8CDF50032BBB8 /* Assets.xcassets in Resources */ = {isa = PBXBuildFile; fileRef = 70DB83502BF8CDF50032BBB8 /* Assets.xcassets */; };
		70DB83542BF8CDF50032BBB8 /* Preview Assets.xcassets in Resources */ = {isa = PBXBuildFile; fileRef = 70DB83532BF8CDF50032BBB8 /* Preview Assets.xcassets */; };
		70DB835E2BF8CDF50032BBB8 /* CoqtailsTests.swift in Sources */ = {isa = PBXBuildFile; fileRef = 70DB835D2BF8CDF50032BBB8 /* CoqtailsTests.swift */; };
		70DB83682BF8CDF50032BBB8 /* CoqtailsUITests.swift in Sources */ = {isa = PBXBuildFile; fileRef = 70DB83672BF8CDF50032BBB8 /* CoqtailsUITests.swift */; };
		70DB836A2BF8CDF50032BBB8 /* CoqtailsUITestsLaunchTests.swift in Sources */ = {isa = PBXBuildFile; fileRef = 70DB83692BF8CDF50032BBB8 /* CoqtailsUITestsLaunchTests.swift */; };
		70DB83782BF8D2530032BBB8 /* BaseClientProtocol.swift in Sources */ = {isa = PBXBuildFile; fileRef = 70DB83772BF8D2530032BBB8 /* BaseClientProtocol.swift */; };
		70DB837A2BF8D2660032BBB8 /* BaseClient.swift in Sources */ = {isa = PBXBuildFile; fileRef = 70DB83792BF8D2660032BBB8 /* BaseClient.swift */; };
		70DB837D2BF8D2960032BBB8 /* APIError.swift in Sources */ = {isa = PBXBuildFile; fileRef = 70DB837C2BF8D2960032BBB8 /* APIError.swift */; };
		70DB837F2BF8D2A90032BBB8 /* HTTPMethod.swift in Sources */ = {isa = PBXBuildFile; fileRef = 70DB837E2BF8D2A90032BBB8 /* HTTPMethod.swift */; };
		70DB83812BF8D2C30032BBB8 /* JSONDecoder+Extensions.swift in Sources */ = {isa = PBXBuildFile; fileRef = 70DB83802BF8D2C30032BBB8 /* JSONDecoder+Extensions.swift */; };
		70DB83872BF8E3EF0032BBB8 /* AsyncContentView.swift in Sources */ = {isa = PBXBuildFile; fileRef = 70DB83862BF8E3EF0032BBB8 /* AsyncContentView.swift */; };
		70DB83892BF8E4030032BBB8 /* Loadable.swift in Sources */ = {isa = PBXBuildFile; fileRef = 70DB83882BF8E4030032BBB8 /* Loadable.swift */; };
		70DB838C2BF8E41B0032BBB8 /* ErrorPopoverView.swift in Sources */ = {isa = PBXBuildFile; fileRef = 70DB838B2BF8E41B0032BBB8 /* ErrorPopoverView.swift */; };
		70DB839D2BF8F76A0032BBB8 /* SearchClientProtocol.swift in Sources */ = {isa = PBXBuildFile; fileRef = 70DB839C2BF8F76A0032BBB8 /* SearchClientProtocol.swift */; };
		70DB839F2BF8F7760032BBB8 /* SearchClient.swift in Sources */ = {isa = PBXBuildFile; fileRef = 70DB839E2BF8F7760032BBB8 /* SearchClient.swift */; };
		70DB83A12BF8F7840032BBB8 /* SearchEndpoints.swift in Sources */ = {isa = PBXBuildFile; fileRef = 70DB83A02BF8F7840032BBB8 /* SearchEndpoints.swift */; };
		70DB83A42BF8F7E70032BBB8 /* SearchCocktailResponseModel.swift in Sources */ = {isa = PBXBuildFile; fileRef = 70DB83A32BF8F7E70032BBB8 /* SearchCocktailResponseModel.swift */; };
		70DB83A62BF8F7F80032BBB8 /* SearchCocktailClientModel.swift in Sources */ = {isa = PBXBuildFile; fileRef = 70DB83A52BF8F7F80032BBB8 /* SearchCocktailClientModel.swift */; };
		70DB83A82BF8F81A0032BBB8 /* SearchUseCaseProtocol.swift in Sources */ = {isa = PBXBuildFile; fileRef = 70DB83A72BF8F81A0032BBB8 /* SearchUseCaseProtocol.swift */; };
		70DB83AA2BF8F82B0032BBB8 /* SearchUseCase.swift in Sources */ = {isa = PBXBuildFile; fileRef = 70DB83A92BF8F82B0032BBB8 /* SearchUseCase.swift */; };
		70DB83AD2BF8F84E0032BBB8 /* SearchCoctailUseCaseModel.swift in Sources */ = {isa = PBXBuildFile; fileRef = 70DB83AC2BF8F84E0032BBB8 /* SearchCoctailUseCaseModel.swift */; };
		70DB83B02BF8F87B0032BBB8 /* SearchViewModel.swift in Sources */ = {isa = PBXBuildFile; fileRef = 70DB83AF2BF8F87B0032BBB8 /* SearchViewModel.swift */; };
		70DB83B32BF8F8A30032BBB8 /* SearchCocktailModel.swift in Sources */ = {isa = PBXBuildFile; fileRef = 70DB83B22BF8F8A30032BBB8 /* SearchCocktailModel.swift */; };
		70DB83B62BF8FAFE0032BBB8 /* SearchView.swift in Sources */ = {isa = PBXBuildFile; fileRef = 70DB83B52BF8FAFE0032BBB8 /* SearchView.swift */; };
		70DB83B92BF8FB1F0032BBB8 /* CocktailListItemView.swift in Sources */ = {isa = PBXBuildFile; fileRef = 70DB83B82BF8FB1F0032BBB8 /* CocktailListItemView.swift */; };
		70DB83BB2BF8FC5B0032BBB8 /* SearchNavigationDestination.swift in Sources */ = {isa = PBXBuildFile; fileRef = 70DB83BA2BF8FC5B0032BBB8 /* SearchNavigationDestination.swift */; };
		70DB83BE2BF8FCA10032BBB8 /* SearchBarView.swift in Sources */ = {isa = PBXBuildFile; fileRef = 70DB83BD2BF8FCA10032BBB8 /* SearchBarView.swift */; };
		70DB83C32BF8FCD70032BBB8 /* TextFieldCancelButton.swift in Sources */ = {isa = PBXBuildFile; fileRef = 70DB83C22BF8FCD70032BBB8 /* TextFieldCancelButton.swift */; };
		70DB83C62BF8FD160032BBB8 /* LoadingView.swift in Sources */ = {isa = PBXBuildFile; fileRef = 70DB83C52BF8FD160032BBB8 /* LoadingView.swift */; };
		70DB83C92BF8FD340032BBB8 /* Color+Extensions.swift in Sources */ = {isa = PBXBuildFile; fileRef = 70DB83C82BF8FD340032BBB8 /* Color+Extensions.swift */; };
		70DB83CC2BF8FD7B0032BBB8 /* Kingfisher in Frameworks */ = {isa = PBXBuildFile; productRef = 70DB83CB2BF8FD7B0032BBB8 /* Kingfisher */; };
		70DB83CF2BF907110032BBB8 /* FiltersClientProtocol.swift in Sources */ = {isa = PBXBuildFile; fileRef = 70DB83CE2BF907110032BBB8 /* FiltersClientProtocol.swift */; };
		70DB83D12BF907200032BBB8 /* FiltersClient.swift in Sources */ = {isa = PBXBuildFile; fileRef = 70DB83D02BF907200032BBB8 /* FiltersClient.swift */; };
		70DB83D32BF907360032BBB8 /* FilterEndpoint.swift in Sources */ = {isa = PBXBuildFile; fileRef = 70DB83D22BF907360032BBB8 /* FilterEndpoint.swift */; };
		70DB83D62BF907640032BBB8 /* FilterAlcoholicTypeResponseModel.swift in Sources */ = {isa = PBXBuildFile; fileRef = 70DB83D52BF907640032BBB8 /* FilterAlcoholicTypeResponseModel.swift */; };
		70DB83D82BF907720032BBB8 /* FilterAlcoholicTypeClientModel.swift in Sources */ = {isa = PBXBuildFile; fileRef = 70DB83D72BF907720032BBB8 /* FilterAlcoholicTypeClientModel.swift */; };
		70DB83DA2BF907820032BBB8 /* FilterCategoryTypeResponseModel.swift in Sources */ = {isa = PBXBuildFile; fileRef = 70DB83D92BF907820032BBB8 /* FilterCategoryTypeResponseModel.swift */; };
		70DB83DC2BF907940032BBB8 /* FilterCategoryTypeClientModel.swift in Sources */ = {isa = PBXBuildFile; fileRef = 70DB83DB2BF907940032BBB8 /* FilterCategoryTypeClientModel.swift */; };
		70DB83DE2BF907A40032BBB8 /* FilterGlassTypeResponseModel.swift in Sources */ = {isa = PBXBuildFile; fileRef = 70DB83DD2BF907A40032BBB8 /* FilterGlassTypeResponseModel.swift */; };
		70DB83E02BF907B30032BBB8 /* FilterGlassTypeClientModel.swift in Sources */ = {isa = PBXBuildFile; fileRef = 70DB83DF2BF907B30032BBB8 /* FilterGlassTypeClientModel.swift */; };
		70DB83E42BF908140032BBB8 /* FiltersUseCaseProtocol.swift in Sources */ = {isa = PBXBuildFile; fileRef = 70DB83E32BF908140032BBB8 /* FiltersUseCaseProtocol.swift */; };
		70DB83E62BF908250032BBB8 /* FiltersUseCase.swift in Sources */ = {isa = PBXBuildFile; fileRef = 70DB83E52BF908250032BBB8 /* FiltersUseCase.swift */; };
		70DB83E92BF9089F0032BBB8 /* FilterAlcoholicTypeUseCaseModel.swift in Sources */ = {isa = PBXBuildFile; fileRef = 70DB83E82BF9089F0032BBB8 /* FilterAlcoholicTypeUseCaseModel.swift */; };
		70DB83EB2BF908B40032BBB8 /* FilterCategoryTypeUseCaseModel.swift in Sources */ = {isa = PBXBuildFile; fileRef = 70DB83EA2BF908B40032BBB8 /* FilterCategoryTypeUseCaseModel.swift */; };
		70DB83ED2BF908D00032BBB8 /* FilterGlassTypeUseCaseModel.swift in Sources */ = {isa = PBXBuildFile; fileRef = 70DB83EC2BF908D00032BBB8 /* FilterGlassTypeUseCaseModel.swift */; };
		70DB83F02BF909070032BBB8 /* FiltersViewModel.swift in Sources */ = {isa = PBXBuildFile; fileRef = 70DB83EF2BF909070032BBB8 /* FiltersViewModel.swift */; };
		70DB83F22BF909650032BBB8 /* FiltersModel.swift in Sources */ = {isa = PBXBuildFile; fileRef = 70DB83F12BF909650032BBB8 /* FiltersModel.swift */; };
		70DB83F42BF909C80032BBB8 /* FilterType.swift in Sources */ = {isa = PBXBuildFile; fileRef = 70DB83F32BF909C80032BBB8 /* FilterType.swift */; };
		70DB83F62BF909D40032BBB8 /* SelectedFilter.swift in Sources */ = {isa = PBXBuildFile; fileRef = 70DB83F52BF909D40032BBB8 /* SelectedFilter.swift */; };
		70DB83F82BF9158F0032BBB8 /* FiltersView.swift in Sources */ = {isa = PBXBuildFile; fileRef = 70DB83F72BF9158F0032BBB8 /* FiltersView.swift */; };
		70DB83FD2BF9163F0032BBB8 /* FilterListItemView.swift in Sources */ = {isa = PBXBuildFile; fileRef = 70DB83FC2BF9163F0032BBB8 /* FilterListItemView.swift */; };
		70DB84032BF91ECB0032BBB8 /* DetailsClientProtocol.swift in Sources */ = {isa = PBXBuildFile; fileRef = 70DB84022BF91ECB0032BBB8 /* DetailsClientProtocol.swift */; };
		70DB84052BF91ED90032BBB8 /* DetailsClient.swift in Sources */ = {isa = PBXBuildFile; fileRef = 70DB84042BF91ED90032BBB8 /* DetailsClient.swift */; };
		70DB84082BF91EFC0032BBB8 /* DetailsCocktailResponseModel.swift in Sources */ = {isa = PBXBuildFile; fileRef = 70DB84072BF91EFC0032BBB8 /* DetailsCocktailResponseModel.swift */; };
		70DB840A2BF91F0A0032BBB8 /* DetailsCocktailClientModel.swift in Sources */ = {isa = PBXBuildFile; fileRef = 70DB84092BF91F0A0032BBB8 /* DetailsCocktailClientModel.swift */; };
		70DB840D2BF91F3B0032BBB8 /* DynamicCodingKey.swift in Sources */ = {isa = PBXBuildFile; fileRef = 70DB840C2BF91F3B0032BBB8 /* DynamicCodingKey.swift */; };
		70DB840F2BF91F740032BBB8 /* DetailsEndpoint.swift in Sources */ = {isa = PBXBuildFile; fileRef = 70DB840E2BF91F740032BBB8 /* DetailsEndpoint.swift */; };
		70DB84112BF921290032BBB8 /* DetailsUseCaseProtocol.swift in Sources */ = {isa = PBXBuildFile; fileRef = 70DB84102BF921290032BBB8 /* DetailsUseCaseProtocol.swift */; };
		70DB84132BF921330032BBB8 /* DetailsUseCase.swift in Sources */ = {isa = PBXBuildFile; fileRef = 70DB84122BF921330032BBB8 /* DetailsUseCase.swift */; };
		70DB84162BF921950032BBB8 /* DetailsCocktailUseCaseModel.swift in Sources */ = {isa = PBXBuildFile; fileRef = 70DB84152BF921950032BBB8 /* DetailsCocktailUseCaseModel.swift */; };
		70DB84182BF95FD80032BBB8 /* DetailsViewModel.swift in Sources */ = {isa = PBXBuildFile; fileRef = 70DB84172BF95FD80032BBB8 /* DetailsViewModel.swift */; };
		70DB841B2BF963AC0032BBB8 /* DetailsCocktailModel.swift in Sources */ = {isa = PBXBuildFile; fileRef = 70DB841A2BF963AC0032BBB8 /* DetailsCocktailModel.swift */; };
		70DB841D2BF964C10032BBB8 /* DateFormatter+Extensions.swift in Sources */ = {isa = PBXBuildFile; fileRef = 70DB841C2BF964C10032BBB8 /* DateFormatter+Extensions.swift */; };
		70DB84252BF9F3360032BBB8 /* DetailsView.swift in Sources */ = {isa = PBXBuildFile; fileRef = 70DB84242BF9F3360032BBB8 /* DetailsView.swift */; };
		70DB84272BF9F65F0032BBB8 /* UINavigationController+Extensions.swift in Sources */ = {isa = PBXBuildFile; fileRef = 70DB84262BF9F65F0032BBB8 /* UINavigationController+Extensions.swift */; };
		70DB842F2BF9FA230032BBB8 /* DetailsCategoriesView.swift in Sources */ = {isa = PBXBuildFile; fileRef = 70DB842E2BF9FA230032BBB8 /* DetailsCategoriesView.swift */; };
/* End PBXBuildFile section */

/* Begin PBXContainerItemProxy section */
		70DB835A2BF8CDF50032BBB8 /* PBXContainerItemProxy */ = {
			isa = PBXContainerItemProxy;
			containerPortal = 70DB83412BF8CDF30032BBB8 /* Project object */;
			proxyType = 1;
			remoteGlobalIDString = 70DB83482BF8CDF30032BBB8;
			remoteInfo = Coqtails;
		};
		70DB83642BF8CDF50032BBB8 /* PBXContainerItemProxy */ = {
			isa = PBXContainerItemProxy;
			containerPortal = 70DB83412BF8CDF30032BBB8 /* Project object */;
			proxyType = 1;
			remoteGlobalIDString = 70DB83482BF8CDF30032BBB8;
			remoteInfo = Coqtails;
		};
/* End PBXContainerItemProxy section */

/* Begin PBXFileReference section */
		705AB1FD2BFA19430039B642 /* CategoryView.swift */ = {isa = PBXFileReference; lastKnownFileType = sourcecode.swift; path = CategoryView.swift; sourceTree = "<group>"; };
		705AB2022BFA23670039B642 /* DetailsIngredientsView.swift */ = {isa = PBXFileReference; lastKnownFileType = sourcecode.swift; path = DetailsIngredientsView.swift; sourceTree = "<group>"; };
		705AB2052BFA23AF0039B642 /* DetailsDirectionsView.swift */ = {isa = PBXFileReference; lastKnownFileType = sourcecode.swift; path = DetailsDirectionsView.swift; sourceTree = "<group>"; };
		705AB2082BFA27F80039B642 /* DetailsLastModifiedView.swift */ = {isa = PBXFileReference; lastKnownFileType = sourcecode.swift; path = DetailsLastModifiedView.swift; sourceTree = "<group>"; };
		705AB20E2BFA393D0039B642 /* SizeCalculator.swift */ = {isa = PBXFileReference; lastKnownFileType = sourcecode.swift; path = SizeCalculator.swift; sourceTree = "<group>"; };
		705AB2102BFA405F0039B642 /* Date+Extensions.swift */ = {isa = PBXFileReference; lastKnownFileType = sourcecode.swift; path = "Date+Extensions.swift"; sourceTree = "<group>"; };
		705AB2122BFA71310039B642 /* FilterResultsClient.swift */ = {isa = PBXFileReference; lastKnownFileType = sourcecode.swift; path = FilterResultsClient.swift; sourceTree = "<group>"; };
		705AB2142BFA713E0039B642 /* FilterResultsClientProtocol.swift */ = {isa = PBXFileReference; lastKnownFileType = sourcecode.swift; path = FilterResultsClientProtocol.swift; sourceTree = "<group>"; };
		705AB2162BFA71570039B642 /* FilterResultsNetworkResponse.swift */ = {isa = PBXFileReference; lastKnownFileType = sourcecode.swift; path = FilterResultsNetworkResponse.swift; sourceTree = "<group>"; };
		705AB2182BFA71630039B642 /* FilterResultClientModel.swift */ = {isa = PBXFileReference; lastKnownFileType = sourcecode.swift; path = FilterResultClientModel.swift; sourceTree = "<group>"; };
		705AB21F2BFA756D0039B642 /* FilterResultsUseCaseProtocol.swift */ = {isa = PBXFileReference; lastKnownFileType = sourcecode.swift; path = FilterResultsUseCaseProtocol.swift; sourceTree = "<group>"; };
		705AB2212BFA75770039B642 /* FilterResultsUseCase.swift */ = {isa = PBXFileReference; lastKnownFileType = sourcecode.swift; path = FilterResultsUseCase.swift; sourceTree = "<group>"; };
		705AB2242BFA75B90039B642 /* FilterResultUseCaseModel.swift */ = {isa = PBXFileReference; lastKnownFileType = sourcecode.swift; path = FilterResultUseCaseModel.swift; sourceTree = "<group>"; };
		705AB2272BFA76C10039B642 /* FilterResultsViewModel.swift */ = {isa = PBXFileReference; lastKnownFileType = sourcecode.swift; path = FilterResultsViewModel.swift; sourceTree = "<group>"; };
		705AB22B2BFA789E0039B642 /* FilterResultCocktailModel.swift */ = {isa = PBXFileReference; lastKnownFileType = sourcecode.swift; path = FilterResultCocktailModel.swift; sourceTree = "<group>"; };
		70DB83492BF8CDF30032BBB8 /* Coqtails.app */ = {isa = PBXFileReference; explicitFileType = wrapper.application; includeInIndex = 0; path = Coqtails.app; sourceTree = BUILT_PRODUCTS_DIR; };
		70DB834C2BF8CDF30032BBB8 /* CoqtailsApp.swift */ = {isa = PBXFileReference; lastKnownFileType = sourcecode.swift; path = CoqtailsApp.swift; sourceTree = "<group>"; };
		70DB834E2BF8CDF30032BBB8 /* ContentView.swift */ = {isa = PBXFileReference; lastKnownFileType = sourcecode.swift; path = ContentView.swift; sourceTree = "<group>"; };
		70DB83502BF8CDF50032BBB8 /* Assets.xcassets */ = {isa = PBXFileReference; lastKnownFileType = folder.assetcatalog; path = Assets.xcassets; sourceTree = "<group>"; };
		70DB83532BF8CDF50032BBB8 /* Preview Assets.xcassets */ = {isa = PBXFileReference; lastKnownFileType = folder.assetcatalog; path = "Preview Assets.xcassets"; sourceTree = "<group>"; };
		70DB83592BF8CDF50032BBB8 /* CoqtailsTests.xctest */ = {isa = PBXFileReference; explicitFileType = wrapper.cfbundle; includeInIndex = 0; path = CoqtailsTests.xctest; sourceTree = BUILT_PRODUCTS_DIR; };
		70DB835D2BF8CDF50032BBB8 /* CoqtailsTests.swift */ = {isa = PBXFileReference; lastKnownFileType = sourcecode.swift; path = CoqtailsTests.swift; sourceTree = "<group>"; };
		70DB83632BF8CDF50032BBB8 /* CoqtailsUITests.xctest */ = {isa = PBXFileReference; explicitFileType = wrapper.cfbundle; includeInIndex = 0; path = CoqtailsUITests.xctest; sourceTree = BUILT_PRODUCTS_DIR; };
		70DB83672BF8CDF50032BBB8 /* CoqtailsUITests.swift */ = {isa = PBXFileReference; lastKnownFileType = sourcecode.swift; path = CoqtailsUITests.swift; sourceTree = "<group>"; };
		70DB83692BF8CDF50032BBB8 /* CoqtailsUITestsLaunchTests.swift */ = {isa = PBXFileReference; lastKnownFileType = sourcecode.swift; path = CoqtailsUITestsLaunchTests.swift; sourceTree = "<group>"; };
		70DB83772BF8D2530032BBB8 /* BaseClientProtocol.swift */ = {isa = PBXFileReference; lastKnownFileType = sourcecode.swift; path = BaseClientProtocol.swift; sourceTree = "<group>"; };
		70DB83792BF8D2660032BBB8 /* BaseClient.swift */ = {isa = PBXFileReference; lastKnownFileType = sourcecode.swift; path = BaseClient.swift; sourceTree = "<group>"; };
		70DB837C2BF8D2960032BBB8 /* APIError.swift */ = {isa = PBXFileReference; lastKnownFileType = sourcecode.swift; path = APIError.swift; sourceTree = "<group>"; };
		70DB837E2BF8D2A90032BBB8 /* HTTPMethod.swift */ = {isa = PBXFileReference; lastKnownFileType = sourcecode.swift; path = HTTPMethod.swift; sourceTree = "<group>"; };
		70DB83802BF8D2C30032BBB8 /* JSONDecoder+Extensions.swift */ = {isa = PBXFileReference; lastKnownFileType = sourcecode.swift; path = "JSONDecoder+Extensions.swift"; sourceTree = "<group>"; };
		70DB83862BF8E3EF0032BBB8 /* AsyncContentView.swift */ = {isa = PBXFileReference; lastKnownFileType = sourcecode.swift; path = AsyncContentView.swift; sourceTree = "<group>"; };
		70DB83882BF8E4030032BBB8 /* Loadable.swift */ = {isa = PBXFileReference; lastKnownFileType = sourcecode.swift; path = Loadable.swift; sourceTree = "<group>"; };
		70DB838B2BF8E41B0032BBB8 /* ErrorPopoverView.swift */ = {isa = PBXFileReference; lastKnownFileType = sourcecode.swift; path = ErrorPopoverView.swift; sourceTree = "<group>"; };
		70DB839C2BF8F76A0032BBB8 /* SearchClientProtocol.swift */ = {isa = PBXFileReference; lastKnownFileType = sourcecode.swift; path = SearchClientProtocol.swift; sourceTree = "<group>"; };
		70DB839E2BF8F7760032BBB8 /* SearchClient.swift */ = {isa = PBXFileReference; lastKnownFileType = sourcecode.swift; path = SearchClient.swift; sourceTree = "<group>"; };
		70DB83A02BF8F7840032BBB8 /* SearchEndpoints.swift */ = {isa = PBXFileReference; lastKnownFileType = sourcecode.swift; path = SearchEndpoints.swift; sourceTree = "<group>"; };
		70DB83A32BF8F7E70032BBB8 /* SearchCocktailResponseModel.swift */ = {isa = PBXFileReference; lastKnownFileType = sourcecode.swift; path = SearchCocktailResponseModel.swift; sourceTree = "<group>"; };
		70DB83A52BF8F7F80032BBB8 /* SearchCocktailClientModel.swift */ = {isa = PBXFileReference; lastKnownFileType = sourcecode.swift; path = SearchCocktailClientModel.swift; sourceTree = "<group>"; };
		70DB83A72BF8F81A0032BBB8 /* SearchUseCaseProtocol.swift */ = {isa = PBXFileReference; lastKnownFileType = sourcecode.swift; path = SearchUseCaseProtocol.swift; sourceTree = "<group>"; };
		70DB83A92BF8F82B0032BBB8 /* SearchUseCase.swift */ = {isa = PBXFileReference; lastKnownFileType = sourcecode.swift; path = SearchUseCase.swift; sourceTree = "<group>"; };
		70DB83AC2BF8F84E0032BBB8 /* SearchCoctailUseCaseModel.swift */ = {isa = PBXFileReference; lastKnownFileType = sourcecode.swift; path = SearchCoctailUseCaseModel.swift; sourceTree = "<group>"; };
		70DB83AF2BF8F87B0032BBB8 /* SearchViewModel.swift */ = {isa = PBXFileReference; lastKnownFileType = sourcecode.swift; path = SearchViewModel.swift; sourceTree = "<group>"; };
		70DB83B22BF8F8A30032BBB8 /* SearchCocktailModel.swift */ = {isa = PBXFileReference; lastKnownFileType = sourcecode.swift; path = SearchCocktailModel.swift; sourceTree = "<group>"; };
		70DB83B52BF8FAFE0032BBB8 /* SearchView.swift */ = {isa = PBXFileReference; lastKnownFileType = sourcecode.swift; path = SearchView.swift; sourceTree = "<group>"; };
		70DB83B82BF8FB1F0032BBB8 /* CocktailListItemView.swift */ = {isa = PBXFileReference; lastKnownFileType = sourcecode.swift; path = CocktailListItemView.swift; sourceTree = "<group>"; };
		70DB83BA2BF8FC5B0032BBB8 /* SearchNavigationDestination.swift */ = {isa = PBXFileReference; lastKnownFileType = sourcecode.swift; path = SearchNavigationDestination.swift; sourceTree = "<group>"; };
		70DB83BD2BF8FCA10032BBB8 /* SearchBarView.swift */ = {isa = PBXFileReference; lastKnownFileType = sourcecode.swift; path = SearchBarView.swift; sourceTree = "<group>"; };
		70DB83C22BF8FCD70032BBB8 /* TextFieldCancelButton.swift */ = {isa = PBXFileReference; lastKnownFileType = sourcecode.swift; path = TextFieldCancelButton.swift; sourceTree = "<group>"; };
		70DB83C52BF8FD160032BBB8 /* LoadingView.swift */ = {isa = PBXFileReference; lastKnownFileType = sourcecode.swift; path = LoadingView.swift; sourceTree = "<group>"; };
		70DB83C82BF8FD340032BBB8 /* Color+Extensions.swift */ = {isa = PBXFileReference; lastKnownFileType = sourcecode.swift; path = "Color+Extensions.swift"; sourceTree = "<group>"; };
		70DB83CE2BF907110032BBB8 /* FiltersClientProtocol.swift */ = {isa = PBXFileReference; lastKnownFileType = sourcecode.swift; path = FiltersClientProtocol.swift; sourceTree = "<group>"; };
		70DB83D02BF907200032BBB8 /* FiltersClient.swift */ = {isa = PBXFileReference; lastKnownFileType = sourcecode.swift; path = FiltersClient.swift; sourceTree = "<group>"; };
		70DB83D22BF907360032BBB8 /* FilterEndpoint.swift */ = {isa = PBXFileReference; lastKnownFileType = sourcecode.swift; path = FilterEndpoint.swift; sourceTree = "<group>"; };
		70DB83D52BF907640032BBB8 /* FilterAlcoholicTypeResponseModel.swift */ = {isa = PBXFileReference; lastKnownFileType = sourcecode.swift; path = FilterAlcoholicTypeResponseModel.swift; sourceTree = "<group>"; };
		70DB83D72BF907720032BBB8 /* FilterAlcoholicTypeClientModel.swift */ = {isa = PBXFileReference; lastKnownFileType = sourcecode.swift; path = FilterAlcoholicTypeClientModel.swift; sourceTree = "<group>"; };
		70DB83D92BF907820032BBB8 /* FilterCategoryTypeResponseModel.swift */ = {isa = PBXFileReference; lastKnownFileType = sourcecode.swift; path = FilterCategoryTypeResponseModel.swift; sourceTree = "<group>"; };
		70DB83DB2BF907940032BBB8 /* FilterCategoryTypeClientModel.swift */ = {isa = PBXFileReference; lastKnownFileType = sourcecode.swift; path = FilterCategoryTypeClientModel.swift; sourceTree = "<group>"; };
		70DB83DD2BF907A40032BBB8 /* FilterGlassTypeResponseModel.swift */ = {isa = PBXFileReference; lastKnownFileType = sourcecode.swift; path = FilterGlassTypeResponseModel.swift; sourceTree = "<group>"; };
		70DB83DF2BF907B30032BBB8 /* FilterGlassTypeClientModel.swift */ = {isa = PBXFileReference; lastKnownFileType = sourcecode.swift; path = FilterGlassTypeClientModel.swift; sourceTree = "<group>"; };
		70DB83E32BF908140032BBB8 /* FiltersUseCaseProtocol.swift */ = {isa = PBXFileReference; lastKnownFileType = sourcecode.swift; path = FiltersUseCaseProtocol.swift; sourceTree = "<group>"; };
		70DB83E52BF908250032BBB8 /* FiltersUseCase.swift */ = {isa = PBXFileReference; lastKnownFileType = sourcecode.swift; path = FiltersUseCase.swift; sourceTree = "<group>"; };
		70DB83E82BF9089F0032BBB8 /* FilterAlcoholicTypeUseCaseModel.swift */ = {isa = PBXFileReference; lastKnownFileType = sourcecode.swift; path = FilterAlcoholicTypeUseCaseModel.swift; sourceTree = "<group>"; };
		70DB83EA2BF908B40032BBB8 /* FilterCategoryTypeUseCaseModel.swift */ = {isa = PBXFileReference; lastKnownFileType = sourcecode.swift; path = FilterCategoryTypeUseCaseModel.swift; sourceTree = "<group>"; };
		70DB83EC2BF908D00032BBB8 /* FilterGlassTypeUseCaseModel.swift */ = {isa = PBXFileReference; lastKnownFileType = sourcecode.swift; path = FilterGlassTypeUseCaseModel.swift; sourceTree = "<group>"; };
		70DB83EF2BF909070032BBB8 /* FiltersViewModel.swift */ = {isa = PBXFileReference; lastKnownFileType = sourcecode.swift; path = FiltersViewModel.swift; sourceTree = "<group>"; };
		70DB83F12BF909650032BBB8 /* FiltersModel.swift */ = {isa = PBXFileReference; lastKnownFileType = sourcecode.swift; path = FiltersModel.swift; sourceTree = "<group>"; };
		70DB83F32BF909C80032BBB8 /* FilterType.swift */ = {isa = PBXFileReference; lastKnownFileType = sourcecode.swift; path = FilterType.swift; sourceTree = "<group>"; };
		70DB83F52BF909D40032BBB8 /* SelectedFilter.swift */ = {isa = PBXFileReference; lastKnownFileType = sourcecode.swift; path = SelectedFilter.swift; sourceTree = "<group>"; };
		70DB83F72BF9158F0032BBB8 /* FiltersView.swift */ = {isa = PBXFileReference; lastKnownFileType = sourcecode.swift; path = FiltersView.swift; sourceTree = "<group>"; };
		70DB83FC2BF9163F0032BBB8 /* FilterListItemView.swift */ = {isa = PBXFileReference; lastKnownFileType = sourcecode.swift; path = FilterListItemView.swift; sourceTree = "<group>"; };
		70DB84022BF91ECB0032BBB8 /* DetailsClientProtocol.swift */ = {isa = PBXFileReference; lastKnownFileType = sourcecode.swift; path = DetailsClientProtocol.swift; sourceTree = "<group>"; };
		70DB84042BF91ED90032BBB8 /* DetailsClient.swift */ = {isa = PBXFileReference; lastKnownFileType = sourcecode.swift; path = DetailsClient.swift; sourceTree = "<group>"; };
		70DB84072BF91EFC0032BBB8 /* DetailsCocktailResponseModel.swift */ = {isa = PBXFileReference; lastKnownFileType = sourcecode.swift; path = DetailsCocktailResponseModel.swift; sourceTree = "<group>"; };
		70DB84092BF91F0A0032BBB8 /* DetailsCocktailClientModel.swift */ = {isa = PBXFileReference; lastKnownFileType = sourcecode.swift; path = DetailsCocktailClientModel.swift; sourceTree = "<group>"; };
		70DB840C2BF91F3B0032BBB8 /* DynamicCodingKey.swift */ = {isa = PBXFileReference; lastKnownFileType = sourcecode.swift; path = DynamicCodingKey.swift; sourceTree = "<group>"; };
		70DB840E2BF91F740032BBB8 /* DetailsEndpoint.swift */ = {isa = PBXFileReference; lastKnownFileType = sourcecode.swift; path = DetailsEndpoint.swift; sourceTree = "<group>"; };
		70DB84102BF921290032BBB8 /* DetailsUseCaseProtocol.swift */ = {isa = PBXFileReference; lastKnownFileType = sourcecode.swift; path = DetailsUseCaseProtocol.swift; sourceTree = "<group>"; };
		70DB84122BF921330032BBB8 /* DetailsUseCase.swift */ = {isa = PBXFileReference; lastKnownFileType = sourcecode.swift; path = DetailsUseCase.swift; sourceTree = "<group>"; };
		70DB84152BF921950032BBB8 /* DetailsCocktailUseCaseModel.swift */ = {isa = PBXFileReference; lastKnownFileType = sourcecode.swift; path = DetailsCocktailUseCaseModel.swift; sourceTree = "<group>"; };
		70DB84172BF95FD80032BBB8 /* DetailsViewModel.swift */ = {isa = PBXFileReference; lastKnownFileType = sourcecode.swift; path = DetailsViewModel.swift; sourceTree = "<group>"; };
		70DB841A2BF963AC0032BBB8 /* DetailsCocktailModel.swift */ = {isa = PBXFileReference; lastKnownFileType = sourcecode.swift; path = DetailsCocktailModel.swift; sourceTree = "<group>"; };
		70DB841C2BF964C10032BBB8 /* DateFormatter+Extensions.swift */ = {isa = PBXFileReference; lastKnownFileType = sourcecode.swift; path = "DateFormatter+Extensions.swift"; sourceTree = "<group>"; };
		70DB84242BF9F3360032BBB8 /* DetailsView.swift */ = {isa = PBXFileReference; lastKnownFileType = sourcecode.swift; path = DetailsView.swift; sourceTree = "<group>"; };
		70DB84262BF9F65F0032BBB8 /* UINavigationController+Extensions.swift */ = {isa = PBXFileReference; lastKnownFileType = sourcecode.swift; path = "UINavigationController+Extensions.swift"; sourceTree = "<group>"; };
		70DB842E2BF9FA230032BBB8 /* DetailsCategoriesView.swift */ = {isa = PBXFileReference; lastKnownFileType = sourcecode.swift; path = DetailsCategoriesView.swift; sourceTree = "<group>"; };
/* End PBXFileReference section */

/* Begin PBXFrameworksBuildPhase section */
		70DB83462BF8CDF30032BBB8 /* Frameworks */ = {
			isa = PBXFrameworksBuildPhase;
			buildActionMask = 2147483647;
			files = (
				70DB83CC2BF8FD7B0032BBB8 /* Kingfisher in Frameworks */,
			);
			runOnlyForDeploymentPostprocessing = 0;
		};
		70DB83562BF8CDF50032BBB8 /* Frameworks */ = {
			isa = PBXFrameworksBuildPhase;
			buildActionMask = 2147483647;
			files = (
			);
			runOnlyForDeploymentPostprocessing = 0;
		};
		70DB83602BF8CDF50032BBB8 /* Frameworks */ = {
			isa = PBXFrameworksBuildPhase;
			buildActionMask = 2147483647;
			files = (
			);
			runOnlyForDeploymentPostprocessing = 0;
		};
/* End PBXFrameworksBuildPhase section */

/* Begin PBXGroup section */
		705AB2012BFA23580039B642 /* DetailsIngredientsView */ = {
			isa = PBXGroup;
			children = (
				705AB2022BFA23670039B642 /* DetailsIngredientsView.swift */,
			);
			path = DetailsIngredientsView;
			sourceTree = "<group>";
		};
		705AB2042BFA23A20039B642 /* DetailsDirectionsView */ = {
			isa = PBXGroup;
			children = (
				705AB2052BFA23AF0039B642 /* DetailsDirectionsView.swift */,
			);
			path = DetailsDirectionsView;
			sourceTree = "<group>";
		};
		705AB2072BFA27DE0039B642 /* DetailsLastModifiedView */ = {
			isa = PBXGroup;
			children = (
				705AB2082BFA27F80039B642 /* DetailsLastModifiedView.swift */,
			);
			path = DetailsLastModifiedView;
			sourceTree = "<group>";
		};
		705AB20D2BFA39230039B642 /* ViewModifiers */ = {
			isa = PBXGroup;
			children = (
				705AB20E2BFA393D0039B642 /* SizeCalculator.swift */,
			);
			path = ViewModifiers;
			sourceTree = "<group>";
		};
		705AB21A2BFA73500039B642 /* FilterResultsClient */ = {
			isa = PBXGroup;
			children = (
				705AB21B2BFA735C0039B642 /* Models */,
				705AB2142BFA713E0039B642 /* FilterResultsClientProtocol.swift */,
				705AB2122BFA71310039B642 /* FilterResultsClient.swift */,
			);
			path = FilterResultsClient;
			sourceTree = "<group>";
		};
		705AB21B2BFA735C0039B642 /* Models */ = {
			isa = PBXGroup;
			children = (
				705AB2162BFA71570039B642 /* FilterResultsNetworkResponse.swift */,
				705AB2182BFA71630039B642 /* FilterResultClientModel.swift */,
			);
			path = Models;
			sourceTree = "<group>";
		};
		705AB21C2BFA73700039B642 /* FiltersClient */ = {
			isa = PBXGroup;
			children = (
				70DB83D42BF907580032BBB8 /* Models */,
				70DB83CE2BF907110032BBB8 /* FiltersClientProtocol.swift */,
				70DB83D02BF907200032BBB8 /* FiltersClient.swift */,
			);
			path = FiltersClient;
			sourceTree = "<group>";
		};
		705AB21D2BFA754D0039B642 /* FilterResultsUseCase */ = {
			isa = PBXGroup;
			children = (
				705AB2232BFA757A0039B642 /* Models */,
				705AB21F2BFA756D0039B642 /* FilterResultsUseCaseProtocol.swift */,
				705AB2212BFA75770039B642 /* FilterResultsUseCase.swift */,
			);
			path = FilterResultsUseCase;
			sourceTree = "<group>";
		};
		705AB21E2BFA75580039B642 /* FiltersUseCase */ = {
			isa = PBXGroup;
			children = (
				70DB83E72BF9088B0032BBB8 /* Models */,
				70DB83E32BF908140032BBB8 /* FiltersUseCaseProtocol.swift */,
				70DB83E52BF908250032BBB8 /* FiltersUseCase.swift */,
			);
			path = FiltersUseCase;
			sourceTree = "<group>";
		};
		705AB2232BFA757A0039B642 /* Models */ = {
			isa = PBXGroup;
			children = (
				705AB2242BFA75B90039B642 /* FilterResultUseCaseModel.swift */,
			);
			path = Models;
			sourceTree = "<group>";
		};
		705AB2262BFA76710039B642 /* FilterResultsView */ = {
			isa = PBXGroup;
			children = (
				705AB22A2BFA78760039B642 /* Models */,
				705AB2272BFA76C10039B642 /* FilterResultsViewModel.swift */,
			);
			path = FilterResultsView;
			sourceTree = "<group>";
		};
		705AB2292BFA76EB0039B642 /* Shared */ = {
			isa = PBXGroup;
			children = (
				70DB83F32BF909C80032BBB8 /* FilterType.swift */,
				70DB83F52BF909D40032BBB8 /* SelectedFilter.swift */,
			);
			path = Shared;
			sourceTree = "<group>";
		};
		705AB22A2BFA78760039B642 /* Models */ = {
			isa = PBXGroup;
			children = (
				705AB22B2BFA789E0039B642 /* FilterResultCocktailModel.swift */,
			);
			name = Models;
			sourceTree = "<group>";
		};
		70DB83402BF8CDF30032BBB8 = {
			isa = PBXGroup;
			children = (
				70DB834B2BF8CDF30032BBB8 /* Coqtails */,
				70DB835C2BF8CDF50032BBB8 /* CoqtailsTests */,
				70DB83662BF8CDF50032BBB8 /* CoqtailsUITests */,
				70DB834A2BF8CDF30032BBB8 /* Products */,
			);
			sourceTree = "<group>";
		};
		70DB834A2BF8CDF30032BBB8 /* Products */ = {
			isa = PBXGroup;
			children = (
				70DB83492BF8CDF30032BBB8 /* Coqtails.app */,
				70DB83592BF8CDF50032BBB8 /* CoqtailsTests.xctest */,
				70DB83632BF8CDF50032BBB8 /* CoqtailsUITests.xctest */,
			);
			name = Products;
			sourceTree = "<group>";
		};
		70DB834B2BF8CDF30032BBB8 /* Coqtails */ = {
			isa = PBXGroup;
			children = (
				70DB83B42BF8FA740032BBB8 /* App */,
				70DB83832BF8E3160032BBB8 /* Core */,
				70DB83842BF8E3D10032BBB8 /* CoreUI */,
				70DB83FE2BF91E910032BBB8 /* Details */,
				70DB83CD2BF906EC0032BBB8 /* Filter */,
				70DB83762BF8D2470032BBB8 /* Networking */,
				70DB83972BF8F7290032BBB8 /* Search */,
				70DB83502BF8CDF50032BBB8 /* Assets.xcassets */,
				70DB83522BF8CDF50032BBB8 /* Preview Content */,
			);
			path = Coqtails;
			sourceTree = "<group>";
		};
		70DB83522BF8CDF50032BBB8 /* Preview Content */ = {
			isa = PBXGroup;
			children = (
				70DB83532BF8CDF50032BBB8 /* Preview Assets.xcassets */,
			);
			path = "Preview Content";
			sourceTree = "<group>";
		};
		70DB835C2BF8CDF50032BBB8 /* CoqtailsTests */ = {
			isa = PBXGroup;
			children = (
				70DB835D2BF8CDF50032BBB8 /* CoqtailsTests.swift */,
			);
			path = CoqtailsTests;
			sourceTree = "<group>";
		};
		70DB83662BF8CDF50032BBB8 /* CoqtailsUITests */ = {
			isa = PBXGroup;
			children = (
				70DB83672BF8CDF50032BBB8 /* CoqtailsUITests.swift */,
				70DB83692BF8CDF50032BBB8 /* CoqtailsUITestsLaunchTests.swift */,
			);
			path = CoqtailsUITests;
			sourceTree = "<group>";
		};
		70DB83762BF8D2470032BBB8 /* Networking */ = {
			isa = PBXGroup;
			children = (
				70DB837B2BF8D2850032BBB8 /* BaseClient */,
				70DB837C2BF8D2960032BBB8 /* APIError.swift */,
				70DB837E2BF8D2A90032BBB8 /* HTTPMethod.swift */,
			);
			path = Networking;
			sourceTree = "<group>";
		};
		70DB837B2BF8D2850032BBB8 /* BaseClient */ = {
			isa = PBXGroup;
			children = (
				70DB83772BF8D2530032BBB8 /* BaseClientProtocol.swift */,
				70DB83792BF8D2660032BBB8 /* BaseClient.swift */,
			);
			path = BaseClient;
			sourceTree = "<group>";
		};
		70DB83822BF8D2C70032BBB8 /* Extensions */ = {
			isa = PBXGroup;
			children = (
				705AB2102BFA405F0039B642 /* Date+Extensions.swift */,
				70DB841C2BF964C10032BBB8 /* DateFormatter+Extensions.swift */,
				70DB83802BF8D2C30032BBB8 /* JSONDecoder+Extensions.swift */,
				70DB84262BF9F65F0032BBB8 /* UINavigationController+Extensions.swift */,
			);
			path = Extensions;
			sourceTree = "<group>";
		};
		70DB83832BF8E3160032BBB8 /* Core */ = {
			isa = PBXGroup;
			children = (
				70DB83822BF8D2C70032BBB8 /* Extensions */,
				70DB840B2BF91F280032BBB8 /* Utils */,
			);
			path = Core;
			sourceTree = "<group>";
		};
		70DB83842BF8E3D10032BBB8 /* CoreUI */ = {
			isa = PBXGroup;
			children = (
				70DB83852BF8E3D80032BBB8 /* AsyncContentView */,
				70DB83B72BF8FB0B0032BBB8 /* CocktailListItemView */,
				70DB838A2BF8E40C0032BBB8 /* ErrorPopoverView */,
				70DB83C72BF8FD210032BBB8 /* Extensions */,
				70DB83C42BF8FD070032BBB8 /* LoadingView */,
				70DB83C02BF8FCB50032BBB8 /* TextFieldCancelButton */,
				705AB20D2BFA39230039B642 /* ViewModifiers */,
			);
			path = CoreUI;
			sourceTree = "<group>";
		};
		70DB83852BF8E3D80032BBB8 /* AsyncContentView */ = {
			isa = PBXGroup;
			children = (
				70DB83862BF8E3EF0032BBB8 /* AsyncContentView.swift */,
				70DB83882BF8E4030032BBB8 /* Loadable.swift */,
			);
			path = AsyncContentView;
			sourceTree = "<group>";
		};
		70DB838A2BF8E40C0032BBB8 /* ErrorPopoverView */ = {
			isa = PBXGroup;
			children = (
				70DB838B2BF8E41B0032BBB8 /* ErrorPopoverView.swift */,
			);
			path = ErrorPopoverView;
			sourceTree = "<group>";
		};
		70DB83972BF8F7290032BBB8 /* Search */ = {
			isa = PBXGroup;
			children = (
				70DB83982BF8F7330032BBB8 /* Clients */,
				70DB83992BF8F73B0032BBB8 /* UseCases */,
				70DB83AE2BF8F8600032BBB8 /* UI */,
			);
			path = Search;
			sourceTree = "<group>";
		};
		70DB83982BF8F7330032BBB8 /* Clients */ = {
			isa = PBXGroup;
			children = (
				70DB83A22BF8F7C20032BBB8 /* Models */,
				70DB839C2BF8F76A0032BBB8 /* SearchClientProtocol.swift */,
				70DB839E2BF8F7760032BBB8 /* SearchClient.swift */,
				70DB83A02BF8F7840032BBB8 /* SearchEndpoints.swift */,
			);
			path = Clients;
			sourceTree = "<group>";
		};
		70DB83992BF8F73B0032BBB8 /* UseCases */ = {
			isa = PBXGroup;
			children = (
				70DB83AB2BF8F8440032BBB8 /* Models */,
				70DB83A72BF8F81A0032BBB8 /* SearchUseCaseProtocol.swift */,
				70DB83A92BF8F82B0032BBB8 /* SearchUseCase.swift */,
			);
			path = UseCases;
			sourceTree = "<group>";
		};
		70DB83A22BF8F7C20032BBB8 /* Models */ = {
			isa = PBXGroup;
			children = (
				70DB83A32BF8F7E70032BBB8 /* SearchCocktailResponseModel.swift */,
				70DB83A52BF8F7F80032BBB8 /* SearchCocktailClientModel.swift */,
			);
			path = Models;
			sourceTree = "<group>";
		};
		70DB83AB2BF8F8440032BBB8 /* Models */ = {
			isa = PBXGroup;
			children = (
				70DB83AC2BF8F84E0032BBB8 /* SearchCoctailUseCaseModel.swift */,
			);
			path = Models;
			sourceTree = "<group>";
		};
		70DB83AE2BF8F8600032BBB8 /* UI */ = {
			isa = PBXGroup;
			children = (
				70DB83BC2BF8FC980032BBB8 /* Components */,
				70DB83B12BF8F8940032BBB8 /* Models */,
				70DB83B52BF8FAFE0032BBB8 /* SearchView.swift */,
				70DB83AF2BF8F87B0032BBB8 /* SearchViewModel.swift */,
				70DB83BA2BF8FC5B0032BBB8 /* SearchNavigationDestination.swift */,
			);
			path = UI;
			sourceTree = "<group>";
		};
		70DB83B12BF8F8940032BBB8 /* Models */ = {
			isa = PBXGroup;
			children = (
				70DB83B22BF8F8A30032BBB8 /* SearchCocktailModel.swift */,
			);
			path = Models;
			sourceTree = "<group>";
		};
		70DB83B42BF8FA740032BBB8 /* App */ = {
			isa = PBXGroup;
			children = (
				70DB834C2BF8CDF30032BBB8 /* CoqtailsApp.swift */,
				70DB834E2BF8CDF30032BBB8 /* ContentView.swift */,
			);
			path = App;
			sourceTree = "<group>";
		};
		70DB83B72BF8FB0B0032BBB8 /* CocktailListItemView */ = {
			isa = PBXGroup;
			children = (
				70DB83B82BF8FB1F0032BBB8 /* CocktailListItemView.swift */,
			);
			path = CocktailListItemView;
			sourceTree = "<group>";
		};
		70DB83BC2BF8FC980032BBB8 /* Components */ = {
			isa = PBXGroup;
			children = (
				70DB83BF2BF8FCA90032BBB8 /* SearchBarView */,
			);
			path = Components;
			sourceTree = "<group>";
		};
		70DB83BF2BF8FCA90032BBB8 /* SearchBarView */ = {
			isa = PBXGroup;
			children = (
				70DB83BD2BF8FCA10032BBB8 /* SearchBarView.swift */,
			);
			path = SearchBarView;
			sourceTree = "<group>";
		};
		70DB83C02BF8FCB50032BBB8 /* TextFieldCancelButton */ = {
			isa = PBXGroup;
			children = (
				70DB83C22BF8FCD70032BBB8 /* TextFieldCancelButton.swift */,
			);
			path = TextFieldCancelButton;
			sourceTree = "<group>";
		};
		70DB83C42BF8FD070032BBB8 /* LoadingView */ = {
			isa = PBXGroup;
			children = (
				70DB83C52BF8FD160032BBB8 /* LoadingView.swift */,
			);
			path = LoadingView;
			sourceTree = "<group>";
		};
		70DB83C72BF8FD210032BBB8 /* Extensions */ = {
			isa = PBXGroup;
			children = (
				70DB83C82BF8FD340032BBB8 /* Color+Extensions.swift */,
			);
			path = Extensions;
			sourceTree = "<group>";
		};
		70DB83CD2BF906EC0032BBB8 /* Filter */ = {
			isa = PBXGroup;
			children = (
				70DB83E12BF907D10032BBB8 /* Clients */,
				70DB83E22BF907FB0032BBB8 /* UseCases */,
				70DB83EE2BF908FB0032BBB8 /* UI */,
				705AB2292BFA76EB0039B642 /* Shared */,
			);
			path = Filter;
			sourceTree = "<group>";
		};
		70DB83D42BF907580032BBB8 /* Models */ = {
			isa = PBXGroup;
			children = (
				70DB83D52BF907640032BBB8 /* FilterAlcoholicTypeResponseModel.swift */,
				70DB83D72BF907720032BBB8 /* FilterAlcoholicTypeClientModel.swift */,
				70DB83D92BF907820032BBB8 /* FilterCategoryTypeResponseModel.swift */,
				70DB83DB2BF907940032BBB8 /* FilterCategoryTypeClientModel.swift */,
				70DB83DD2BF907A40032BBB8 /* FilterGlassTypeResponseModel.swift */,
				70DB83DF2BF907B30032BBB8 /* FilterGlassTypeClientModel.swift */,
			);
			path = Models;
			sourceTree = "<group>";
		};
		70DB83E12BF907D10032BBB8 /* Clients */ = {
			isa = PBXGroup;
			children = (
				705AB21C2BFA73700039B642 /* FiltersClient */,
				705AB21A2BFA73500039B642 /* FilterResultsClient */,
				70DB83D22BF907360032BBB8 /* FilterEndpoint.swift */,
			);
			path = Clients;
			sourceTree = "<group>";
		};
		70DB83E22BF907FB0032BBB8 /* UseCases */ = {
			isa = PBXGroup;
			children = (
				705AB21E2BFA75580039B642 /* FiltersUseCase */,
				705AB21D2BFA754D0039B642 /* FilterResultsUseCase */,
			);
			path = UseCases;
			sourceTree = "<group>";
		};
		70DB83E72BF9088B0032BBB8 /* Models */ = {
			isa = PBXGroup;
			children = (
				70DB83E82BF9089F0032BBB8 /* FilterAlcoholicTypeUseCaseModel.swift */,
				70DB83EA2BF908B40032BBB8 /* FilterCategoryTypeUseCaseModel.swift */,
				70DB83EC2BF908D00032BBB8 /* FilterGlassTypeUseCaseModel.swift */,
			);
			path = Models;
			sourceTree = "<group>";
		};
		70DB83EE2BF908FB0032BBB8 /* UI */ = {
			isa = PBXGroup;
			children = (
				70DB83FA2BF915E90032BBB8 /* FiltersView */,
				705AB2262BFA76710039B642 /* FilterResultsView */,
			);
			path = UI;
			sourceTree = "<group>";
		};
		70DB83F92BF915D70032BBB8 /* Components */ = {
			isa = PBXGroup;
			children = (
				70DB83FB2BF916250032BBB8 /* FilterListItemView */,
			);
			path = Components;
			sourceTree = "<group>";
		};
		70DB83FA2BF915E90032BBB8 /* FiltersView */ = {
			isa = PBXGroup;
			children = (
				70DB83F92BF915D70032BBB8 /* Components */,
				70DB83F72BF9158F0032BBB8 /* FiltersView.swift */,
				70DB83EF2BF909070032BBB8 /* FiltersViewModel.swift */,
				70DB83F12BF909650032BBB8 /* FiltersModel.swift */,
			);
			path = FiltersView;
			sourceTree = "<group>";
		};
		70DB83FB2BF916250032BBB8 /* FilterListItemView */ = {
			isa = PBXGroup;
			children = (
				70DB83FC2BF9163F0032BBB8 /* FilterListItemView.swift */,
			);
			path = FilterListItemView;
			sourceTree = "<group>";
		};
		70DB83FE2BF91E910032BBB8 /* Details */ = {
			isa = PBXGroup;
			children = (
				70DB83FF2BF91EA00032BBB8 /* Clients */,
				70DB84002BF91EAC0032BBB8 /* UseCases */,
				70DB84012BF91EB80032BBB8 /* UI */,
			);
			path = Details;
			sourceTree = "<group>";
		};
		70DB83FF2BF91EA00032BBB8 /* Clients */ = {
			isa = PBXGroup;
			children = (
				70DB84062BF91EE80032BBB8 /* Models */,
				70DB84022BF91ECB0032BBB8 /* DetailsClientProtocol.swift */,
				70DB84042BF91ED90032BBB8 /* DetailsClient.swift */,
				70DB840E2BF91F740032BBB8 /* DetailsEndpoint.swift */,
			);
			path = Clients;
			sourceTree = "<group>";
		};
		70DB84002BF91EAC0032BBB8 /* UseCases */ = {
			isa = PBXGroup;
			children = (
				70DB84142BF9218A0032BBB8 /* Models */,
				70DB84102BF921290032BBB8 /* DetailsUseCaseProtocol.swift */,
				70DB84122BF921330032BBB8 /* DetailsUseCase.swift */,
			);
			path = UseCases;
			sourceTree = "<group>";
		};
		70DB84012BF91EB80032BBB8 /* UI */ = {
			isa = PBXGroup;
			children = (
				70DB842D2BF9FA110032BBB8 /* Components */,
				70DB84202BF9F1590032BBB8 /* Models */,
				70DB84242BF9F3360032BBB8 /* DetailsView.swift */,
				70DB84172BF95FD80032BBB8 /* DetailsViewModel.swift */,
			);
			path = UI;
			sourceTree = "<group>";
		};
		70DB84062BF91EE80032BBB8 /* Models */ = {
			isa = PBXGroup;
			children = (
				70DB84072BF91EFC0032BBB8 /* DetailsCocktailResponseModel.swift */,
				70DB84092BF91F0A0032BBB8 /* DetailsCocktailClientModel.swift */,
			);
			path = Models;
			sourceTree = "<group>";
		};
		70DB840B2BF91F280032BBB8 /* Utils */ = {
			isa = PBXGroup;
			children = (
				70DB840C2BF91F3B0032BBB8 /* DynamicCodingKey.swift */,
			);
			path = Utils;
			sourceTree = "<group>";
		};
		70DB84142BF9218A0032BBB8 /* Models */ = {
			isa = PBXGroup;
			children = (
				70DB84152BF921950032BBB8 /* DetailsCocktailUseCaseModel.swift */,
			);
			path = Models;
			sourceTree = "<group>";
		};
		70DB84202BF9F1590032BBB8 /* Models */ = {
			isa = PBXGroup;
			children = (
				70DB841A2BF963AC0032BBB8 /* DetailsCocktailModel.swift */,
			);
			path = Models;
			sourceTree = "<group>";
		};
		70DB842D2BF9FA110032BBB8 /* Components */ = {
			isa = PBXGroup;
			children = (
				70DB84302BF9FB180032BBB8 /* DetailsCategoriesView */,
				705AB2012BFA23580039B642 /* DetailsIngredientsView */,
				705AB2042BFA23A20039B642 /* DetailsDirectionsView */,
				705AB2072BFA27DE0039B642 /* DetailsLastModifiedView */,
			);
			path = Components;
			sourceTree = "<group>";
		};
		70DB84302BF9FB180032BBB8 /* DetailsCategoriesView */ = {
			isa = PBXGroup;
			children = (
				70DB842E2BF9FA230032BBB8 /* DetailsCategoriesView.swift */,
				705AB1FD2BFA19430039B642 /* CategoryView.swift */,
			);
			path = DetailsCategoriesView;
			sourceTree = "<group>";
		};
/* End PBXGroup section */

/* Begin PBXNativeTarget section */
		70DB83482BF8CDF30032BBB8 /* Coqtails */ = {
			isa = PBXNativeTarget;
			buildConfigurationList = 70DB836D2BF8CDF50032BBB8 /* Build configuration list for PBXNativeTarget "Coqtails" */;
			buildPhases = (
				70DB83452BF8CDF30032BBB8 /* Sources */,
				70DB83462BF8CDF30032BBB8 /* Frameworks */,
				70DB83472BF8CDF30032BBB8 /* Resources */,
			);
			buildRules = (
			);
			dependencies = (
			);
			name = Coqtails;
			packageProductDependencies = (
				70DB83CB2BF8FD7B0032BBB8 /* Kingfisher */,
			);
			productName = Coqtails;
			productReference = 70DB83492BF8CDF30032BBB8 /* Coqtails.app */;
			productType = "com.apple.product-type.application";
		};
		70DB83582BF8CDF50032BBB8 /* CoqtailsTests */ = {
			isa = PBXNativeTarget;
			buildConfigurationList = 70DB83702BF8CDF50032BBB8 /* Build configuration list for PBXNativeTarget "CoqtailsTests" */;
			buildPhases = (
				70DB83552BF8CDF50032BBB8 /* Sources */,
				70DB83562BF8CDF50032BBB8 /* Frameworks */,
				70DB83572BF8CDF50032BBB8 /* Resources */,
			);
			buildRules = (
			);
			dependencies = (
				70DB835B2BF8CDF50032BBB8 /* PBXTargetDependency */,
			);
			name = CoqtailsTests;
			productName = CoqtailsTests;
			productReference = 70DB83592BF8CDF50032BBB8 /* CoqtailsTests.xctest */;
			productType = "com.apple.product-type.bundle.unit-test";
		};
		70DB83622BF8CDF50032BBB8 /* CoqtailsUITests */ = {
			isa = PBXNativeTarget;
			buildConfigurationList = 70DB83732BF8CDF50032BBB8 /* Build configuration list for PBXNativeTarget "CoqtailsUITests" */;
			buildPhases = (
				70DB835F2BF8CDF50032BBB8 /* Sources */,
				70DB83602BF8CDF50032BBB8 /* Frameworks */,
				70DB83612BF8CDF50032BBB8 /* Resources */,
			);
			buildRules = (
			);
			dependencies = (
				70DB83652BF8CDF50032BBB8 /* PBXTargetDependency */,
			);
			name = CoqtailsUITests;
			productName = CoqtailsUITests;
			productReference = 70DB83632BF8CDF50032BBB8 /* CoqtailsUITests.xctest */;
			productType = "com.apple.product-type.bundle.ui-testing";
		};
/* End PBXNativeTarget section */

/* Begin PBXProject section */
		70DB83412BF8CDF30032BBB8 /* Project object */ = {
			isa = PBXProject;
			attributes = {
				BuildIndependentTargetsInParallel = 1;
				LastSwiftUpdateCheck = 1520;
				LastUpgradeCheck = 1520;
				TargetAttributes = {
					70DB83482BF8CDF30032BBB8 = {
						CreatedOnToolsVersion = 15.2;
					};
					70DB83582BF8CDF50032BBB8 = {
						CreatedOnToolsVersion = 15.2;
						TestTargetID = 70DB83482BF8CDF30032BBB8;
					};
					70DB83622BF8CDF50032BBB8 = {
						CreatedOnToolsVersion = 15.2;
						TestTargetID = 70DB83482BF8CDF30032BBB8;
					};
				};
			};
			buildConfigurationList = 70DB83442BF8CDF30032BBB8 /* Build configuration list for PBXProject "Coqtails" */;
			compatibilityVersion = "Xcode 14.0";
			developmentRegion = en;
			hasScannedForEncodings = 0;
			knownRegions = (
				en,
				Base,
			);
			mainGroup = 70DB83402BF8CDF30032BBB8;
			packageReferences = (
				70DB83CA2BF8FD7B0032BBB8 /* XCRemoteSwiftPackageReference "Kingfisher" */,
			);
			productRefGroup = 70DB834A2BF8CDF30032BBB8 /* Products */;
			projectDirPath = "";
			projectRoot = "";
			targets = (
				70DB83482BF8CDF30032BBB8 /* Coqtails */,
				70DB83582BF8CDF50032BBB8 /* CoqtailsTests */,
				70DB83622BF8CDF50032BBB8 /* CoqtailsUITests */,
			);
		};
/* End PBXProject section */

/* Begin PBXResourcesBuildPhase section */
		70DB83472BF8CDF30032BBB8 /* Resources */ = {
			isa = PBXResourcesBuildPhase;
			buildActionMask = 2147483647;
			files = (
				70DB83542BF8CDF50032BBB8 /* Preview Assets.xcassets in Resources */,
				70DB83512BF8CDF50032BBB8 /* Assets.xcassets in Resources */,
			);
			runOnlyForDeploymentPostprocessing = 0;
		};
		70DB83572BF8CDF50032BBB8 /* Resources */ = {
			isa = PBXResourcesBuildPhase;
			buildActionMask = 2147483647;
			files = (
			);
			runOnlyForDeploymentPostprocessing = 0;
		};
		70DB83612BF8CDF50032BBB8 /* Resources */ = {
			isa = PBXResourcesBuildPhase;
			buildActionMask = 2147483647;
			files = (
			);
			runOnlyForDeploymentPostprocessing = 0;
		};
/* End PBXResourcesBuildPhase section */

/* Begin PBXSourcesBuildPhase section */
		70DB83452BF8CDF30032BBB8 /* Sources */ = {
			isa = PBXSourcesBuildPhase;
			buildActionMask = 2147483647;
			files = (
				70DB83CF2BF907110032BBB8 /* FiltersClientProtocol.swift in Sources */,
				70DB834F2BF8CDF30032BBB8 /* ContentView.swift in Sources */,
				705AB2092BFA27F80039B642 /* DetailsLastModifiedView.swift in Sources */,
				70DB83A62BF8F7F80032BBB8 /* SearchCocktailClientModel.swift in Sources */,
				70DB840F2BF91F740032BBB8 /* DetailsEndpoint.swift in Sources */,
				705AB2062BFA23AF0039B642 /* DetailsDirectionsView.swift in Sources */,
				70DB83812BF8D2C30032BBB8 /* JSONDecoder+Extensions.swift in Sources */,
				70DB84052BF91ED90032BBB8 /* DetailsClient.swift in Sources */,
				70DB83D12BF907200032BBB8 /* FiltersClient.swift in Sources */,
				70DB84132BF921330032BBB8 /* DetailsUseCase.swift in Sources */,
				705AB2032BFA23670039B642 /* DetailsIngredientsView.swift in Sources */,
				705AB20F2BFA393D0039B642 /* SizeCalculator.swift in Sources */,
				705AB1FE2BFA19430039B642 /* CategoryView.swift in Sources */,
				70DB83E62BF908250032BBB8 /* FiltersUseCase.swift in Sources */,
				70DB840D2BF91F3B0032BBB8 /* DynamicCodingKey.swift in Sources */,
				70DB840A2BF91F0A0032BBB8 /* DetailsCocktailClientModel.swift in Sources */,
				70DB839F2BF8F7760032BBB8 /* SearchClient.swift in Sources */,
				705AB2152BFA713E0039B642 /* FilterResultsClientProtocol.swift in Sources */,
				705AB2132BFA71310039B642 /* FilterResultsClient.swift in Sources */,
				70DB83E42BF908140032BBB8 /* FiltersUseCaseProtocol.swift in Sources */,
				70DB83F82BF9158F0032BBB8 /* FiltersView.swift in Sources */,
				70DB83D32BF907360032BBB8 /* FilterEndpoint.swift in Sources */,
				705AB2252BFA75B90039B642 /* FilterResultUseCaseModel.swift in Sources */,
				70DB83C32BF8FCD70032BBB8 /* TextFieldCancelButton.swift in Sources */,
				70DB83BE2BF8FCA10032BBB8 /* SearchBarView.swift in Sources */,
				70DB83892BF8E4030032BBB8 /* Loadable.swift in Sources */,
				705AB2192BFA71630039B642 /* FilterResultClientModel.swift in Sources */,
				70DB83B02BF8F87B0032BBB8 /* SearchViewModel.swift in Sources */,
				705AB22C2BFA789E0039B642 /* FilterResultCocktailModel.swift in Sources */,
				70DB83DE2BF907A40032BBB8 /* FilterGlassTypeResponseModel.swift in Sources */,
				705AB2112BFA405F0039B642 /* Date+Extensions.swift in Sources */,
				70DB84182BF95FD80032BBB8 /* DetailsViewModel.swift in Sources */,
				70DB838C2BF8E41B0032BBB8 /* ErrorPopoverView.swift in Sources */,
				70DB83A12BF8F7840032BBB8 /* SearchEndpoints.swift in Sources */,
				705AB2172BFA71570039B642 /* FilterResultsNetworkResponse.swift in Sources */,
				70DB83DA2BF907820032BBB8 /* FilterCategoryTypeResponseModel.swift in Sources */,
				70DB83DC2BF907940032BBB8 /* FilterCategoryTypeClientModel.swift in Sources */,
				70DB83A82BF8F81A0032BBB8 /* SearchUseCaseProtocol.swift in Sources */,
				70DB83C62BF8FD160032BBB8 /* LoadingView.swift in Sources */,
				70DB83B32BF8F8A30032BBB8 /* SearchCocktailModel.swift in Sources */,
				70DB83B62BF8FAFE0032BBB8 /* SearchView.swift in Sources */,
				70DB83F02BF909070032BBB8 /* FiltersViewModel.swift in Sources */,
				70DB83C92BF8FD340032BBB8 /* Color+Extensions.swift in Sources */,
				70DB84272BF9F65F0032BBB8 /* UINavigationController+Extensions.swift in Sources */,
				70DB839D2BF8F76A0032BBB8 /* SearchClientProtocol.swift in Sources */,
				70DB83F62BF909D40032BBB8 /* SelectedFilter.swift in Sources */,
				70DB83FD2BF9163F0032BBB8 /* FilterListItemView.swift in Sources */,
				70DB841B2BF963AC0032BBB8 /* DetailsCocktailModel.swift in Sources */,
				705AB2282BFA76C10039B642 /* FilterResultsViewModel.swift in Sources */,
				70DB837A2BF8D2660032BBB8 /* BaseClient.swift in Sources */,
				70DB83B92BF8FB1F0032BBB8 /* CocktailListItemView.swift in Sources */,
				70DB84112BF921290032BBB8 /* DetailsUseCaseProtocol.swift in Sources */,
				70DB83D82BF907720032BBB8 /* FilterAlcoholicTypeClientModel.swift in Sources */,
				70DB83A42BF8F7E70032BBB8 /* SearchCocktailResponseModel.swift in Sources */,
				70DB83E02BF907B30032BBB8 /* FilterGlassTypeClientModel.swift in Sources */,
				70DB84252BF9F3360032BBB8 /* DetailsView.swift in Sources */,
				70DB83AD2BF8F84E0032BBB8 /* SearchCoctailUseCaseModel.swift in Sources */,
				70DB84162BF921950032BBB8 /* DetailsCocktailUseCaseModel.swift in Sources */,
				70DB84082BF91EFC0032BBB8 /* DetailsCocktailResponseModel.swift in Sources */,
				70DB837F2BF8D2A90032BBB8 /* HTTPMethod.swift in Sources */,
				70DB83EB2BF908B40032BBB8 /* FilterCategoryTypeUseCaseModel.swift in Sources */,
				705AB2222BFA75770039B642 /* FilterResultsUseCase.swift in Sources */,
				70DB83AA2BF8F82B0032BBB8 /* SearchUseCase.swift in Sources */,
				70DB83ED2BF908D00032BBB8 /* FilterGlassTypeUseCaseModel.swift in Sources */,
				70DB83F42BF909C80032BBB8 /* FilterType.swift in Sources */,
				70DB83BB2BF8FC5B0032BBB8 /* SearchNavigationDestination.swift in Sources */,
				70DB83782BF8D2530032BBB8 /* BaseClientProtocol.swift in Sources */,
				70DB83872BF8E3EF0032BBB8 /* AsyncContentView.swift in Sources */,
				70DB837D2BF8D2960032BBB8 /* APIError.swift in Sources */,
				70DB83D62BF907640032BBB8 /* FilterAlcoholicTypeResponseModel.swift in Sources */,
				705AB2202BFA756D0039B642 /* FilterResultsUseCaseProtocol.swift in Sources */,
				70DB834D2BF8CDF30032BBB8 /* CoqtailsApp.swift in Sources */,
				70DB842F2BF9FA230032BBB8 /* DetailsCategoriesView.swift in Sources */,
				70DB84032BF91ECB0032BBB8 /* DetailsClientProtocol.swift in Sources */,
				70DB841D2BF964C10032BBB8 /* DateFormatter+Extensions.swift in Sources */,
				70DB83F22BF909650032BBB8 /* FiltersModel.swift in Sources */,
				70DB83E92BF9089F0032BBB8 /* FilterAlcoholicTypeUseCaseModel.swift in Sources */,
			);
			runOnlyForDeploymentPostprocessing = 0;
		};
		70DB83552BF8CDF50032BBB8 /* Sources */ = {
			isa = PBXSourcesBuildPhase;
			buildActionMask = 2147483647;
			files = (
				70DB835E2BF8CDF50032BBB8 /* CoqtailsTests.swift in Sources */,
			);
			runOnlyForDeploymentPostprocessing = 0;
		};
		70DB835F2BF8CDF50032BBB8 /* Sources */ = {
			isa = PBXSourcesBuildPhase;
			buildActionMask = 2147483647;
			files = (
				70DB836A2BF8CDF50032BBB8 /* CoqtailsUITestsLaunchTests.swift in Sources */,
				70DB83682BF8CDF50032BBB8 /* CoqtailsUITests.swift in Sources */,
			);
			runOnlyForDeploymentPostprocessing = 0;
		};
/* End PBXSourcesBuildPhase section */

/* Begin PBXTargetDependency section */
		70DB835B2BF8CDF50032BBB8 /* PBXTargetDependency */ = {
			isa = PBXTargetDependency;
			target = 70DB83482BF8CDF30032BBB8 /* Coqtails */;
			targetProxy = 70DB835A2BF8CDF50032BBB8 /* PBXContainerItemProxy */;
		};
		70DB83652BF8CDF50032BBB8 /* PBXTargetDependency */ = {
			isa = PBXTargetDependency;
			target = 70DB83482BF8CDF30032BBB8 /* Coqtails */;
			targetProxy = 70DB83642BF8CDF50032BBB8 /* PBXContainerItemProxy */;
		};
/* End PBXTargetDependency section */

/* Begin XCBuildConfiguration section */
		70DB836B2BF8CDF50032BBB8 /* Debug */ = {
			isa = XCBuildConfiguration;
			buildSettings = {
				ALWAYS_SEARCH_USER_PATHS = NO;
				ASSETCATALOG_COMPILER_GENERATE_SWIFT_ASSET_SYMBOL_EXTENSIONS = YES;
				CLANG_ANALYZER_NONNULL = YES;
				CLANG_ANALYZER_NUMBER_OBJECT_CONVERSION = YES_AGGRESSIVE;
				CLANG_CXX_LANGUAGE_STANDARD = "gnu++20";
				CLANG_ENABLE_MODULES = YES;
				CLANG_ENABLE_OBJC_ARC = YES;
				CLANG_ENABLE_OBJC_WEAK = YES;
				CLANG_WARN_BLOCK_CAPTURE_AUTORELEASING = YES;
				CLANG_WARN_BOOL_CONVERSION = YES;
				CLANG_WARN_COMMA = YES;
				CLANG_WARN_CONSTANT_CONVERSION = YES;
				CLANG_WARN_DEPRECATED_OBJC_IMPLEMENTATIONS = YES;
				CLANG_WARN_DIRECT_OBJC_ISA_USAGE = YES_ERROR;
				CLANG_WARN_DOCUMENTATION_COMMENTS = YES;
				CLANG_WARN_EMPTY_BODY = YES;
				CLANG_WARN_ENUM_CONVERSION = YES;
				CLANG_WARN_INFINITE_RECURSION = YES;
				CLANG_WARN_INT_CONVERSION = YES;
				CLANG_WARN_NON_LITERAL_NULL_CONVERSION = YES;
				CLANG_WARN_OBJC_IMPLICIT_RETAIN_SELF = YES;
				CLANG_WARN_OBJC_LITERAL_CONVERSION = YES;
				CLANG_WARN_OBJC_ROOT_CLASS = YES_ERROR;
				CLANG_WARN_QUOTED_INCLUDE_IN_FRAMEWORK_HEADER = YES;
				CLANG_WARN_RANGE_LOOP_ANALYSIS = YES;
				CLANG_WARN_STRICT_PROTOTYPES = YES;
				CLANG_WARN_SUSPICIOUS_MOVE = YES;
				CLANG_WARN_UNGUARDED_AVAILABILITY = YES_AGGRESSIVE;
				CLANG_WARN_UNREACHABLE_CODE = YES;
				CLANG_WARN__DUPLICATE_METHOD_MATCH = YES;
				COPY_PHASE_STRIP = NO;
				DEBUG_INFORMATION_FORMAT = dwarf;
				ENABLE_STRICT_OBJC_MSGSEND = YES;
				ENABLE_TESTABILITY = YES;
				ENABLE_USER_SCRIPT_SANDBOXING = YES;
				GCC_C_LANGUAGE_STANDARD = gnu17;
				GCC_DYNAMIC_NO_PIC = NO;
				GCC_NO_COMMON_BLOCKS = YES;
				GCC_OPTIMIZATION_LEVEL = 0;
				GCC_PREPROCESSOR_DEFINITIONS = (
					"DEBUG=1",
					"$(inherited)",
				);
				GCC_WARN_64_TO_32_BIT_CONVERSION = YES;
				GCC_WARN_ABOUT_RETURN_TYPE = YES_ERROR;
				GCC_WARN_UNDECLARED_SELECTOR = YES;
				GCC_WARN_UNINITIALIZED_AUTOS = YES_AGGRESSIVE;
				GCC_WARN_UNUSED_FUNCTION = YES;
				GCC_WARN_UNUSED_VARIABLE = YES;
				IPHONEOS_DEPLOYMENT_TARGET = 17.2;
				LOCALIZATION_PREFERS_STRING_CATALOGS = YES;
				MTL_ENABLE_DEBUG_INFO = INCLUDE_SOURCE;
				MTL_FAST_MATH = YES;
				ONLY_ACTIVE_ARCH = YES;
				SDKROOT = iphoneos;
				SWIFT_ACTIVE_COMPILATION_CONDITIONS = "DEBUG $(inherited)";
				SWIFT_OPTIMIZATION_LEVEL = "-Onone";
			};
			name = Debug;
		};
		70DB836C2BF8CDF50032BBB8 /* Release */ = {
			isa = XCBuildConfiguration;
			buildSettings = {
				ALWAYS_SEARCH_USER_PATHS = NO;
				ASSETCATALOG_COMPILER_GENERATE_SWIFT_ASSET_SYMBOL_EXTENSIONS = YES;
				CLANG_ANALYZER_NONNULL = YES;
				CLANG_ANALYZER_NUMBER_OBJECT_CONVERSION = YES_AGGRESSIVE;
				CLANG_CXX_LANGUAGE_STANDARD = "gnu++20";
				CLANG_ENABLE_MODULES = YES;
				CLANG_ENABLE_OBJC_ARC = YES;
				CLANG_ENABLE_OBJC_WEAK = YES;
				CLANG_WARN_BLOCK_CAPTURE_AUTORELEASING = YES;
				CLANG_WARN_BOOL_CONVERSION = YES;
				CLANG_WARN_COMMA = YES;
				CLANG_WARN_CONSTANT_CONVERSION = YES;
				CLANG_WARN_DEPRECATED_OBJC_IMPLEMENTATIONS = YES;
				CLANG_WARN_DIRECT_OBJC_ISA_USAGE = YES_ERROR;
				CLANG_WARN_DOCUMENTATION_COMMENTS = YES;
				CLANG_WARN_EMPTY_BODY = YES;
				CLANG_WARN_ENUM_CONVERSION = YES;
				CLANG_WARN_INFINITE_RECURSION = YES;
				CLANG_WARN_INT_CONVERSION = YES;
				CLANG_WARN_NON_LITERAL_NULL_CONVERSION = YES;
				CLANG_WARN_OBJC_IMPLICIT_RETAIN_SELF = YES;
				CLANG_WARN_OBJC_LITERAL_CONVERSION = YES;
				CLANG_WARN_OBJC_ROOT_CLASS = YES_ERROR;
				CLANG_WARN_QUOTED_INCLUDE_IN_FRAMEWORK_HEADER = YES;
				CLANG_WARN_RANGE_LOOP_ANALYSIS = YES;
				CLANG_WARN_STRICT_PROTOTYPES = YES;
				CLANG_WARN_SUSPICIOUS_MOVE = YES;
				CLANG_WARN_UNGUARDED_AVAILABILITY = YES_AGGRESSIVE;
				CLANG_WARN_UNREACHABLE_CODE = YES;
				CLANG_WARN__DUPLICATE_METHOD_MATCH = YES;
				COPY_PHASE_STRIP = NO;
				DEBUG_INFORMATION_FORMAT = "dwarf-with-dsym";
				ENABLE_NS_ASSERTIONS = NO;
				ENABLE_STRICT_OBJC_MSGSEND = YES;
				ENABLE_USER_SCRIPT_SANDBOXING = YES;
				GCC_C_LANGUAGE_STANDARD = gnu17;
				GCC_NO_COMMON_BLOCKS = YES;
				GCC_WARN_64_TO_32_BIT_CONVERSION = YES;
				GCC_WARN_ABOUT_RETURN_TYPE = YES_ERROR;
				GCC_WARN_UNDECLARED_SELECTOR = YES;
				GCC_WARN_UNINITIALIZED_AUTOS = YES_AGGRESSIVE;
				GCC_WARN_UNUSED_FUNCTION = YES;
				GCC_WARN_UNUSED_VARIABLE = YES;
				IPHONEOS_DEPLOYMENT_TARGET = 17.2;
				LOCALIZATION_PREFERS_STRING_CATALOGS = YES;
				MTL_ENABLE_DEBUG_INFO = NO;
				MTL_FAST_MATH = YES;
				SDKROOT = iphoneos;
				SWIFT_COMPILATION_MODE = wholemodule;
				VALIDATE_PRODUCT = YES;
			};
			name = Release;
		};
		70DB836E2BF8CDF50032BBB8 /* Debug */ = {
			isa = XCBuildConfiguration;
			buildSettings = {
				ASSETCATALOG_COMPILER_APPICON_NAME = AppIcon;
				ASSETCATALOG_COMPILER_GLOBAL_ACCENT_COLOR_NAME = AccentColor;
				CODE_SIGN_STYLE = Automatic;
				CURRENT_PROJECT_VERSION = 1;
				DEVELOPMENT_ASSET_PATHS = "\"Coqtails/Preview Content\"";
				DEVELOPMENT_TEAM = GD838ZZ7H8;
				ENABLE_PREVIEWS = YES;
				GENERATE_INFOPLIST_FILE = YES;
				INFOPLIST_KEY_UIApplicationSceneManifest_Generation = YES;
				INFOPLIST_KEY_UIApplicationSupportsIndirectInputEvents = YES;
				INFOPLIST_KEY_UILaunchScreen_Generation = YES;
				INFOPLIST_KEY_UISupportedInterfaceOrientations_iPad = "UIInterfaceOrientationPortrait UIInterfaceOrientationPortraitUpsideDown UIInterfaceOrientationLandscapeLeft UIInterfaceOrientationLandscapeRight";
				INFOPLIST_KEY_UISupportedInterfaceOrientations_iPhone = "UIInterfaceOrientationPortrait UIInterfaceOrientationLandscapeLeft UIInterfaceOrientationLandscapeRight";
				LD_RUNPATH_SEARCH_PATHS = (
					"$(inherited)",
					"@executable_path/Frameworks",
				);
				MARKETING_VERSION = 1.0;
				PRODUCT_BUNDLE_IDENTIFIER = com.thorssons.Coqtails;
				PRODUCT_NAME = "$(TARGET_NAME)";
				SWIFT_EMIT_LOC_STRINGS = YES;
				SWIFT_VERSION = 5.0;
				TARGETED_DEVICE_FAMILY = "1,2";
			};
			name = Debug;
		};
		70DB836F2BF8CDF50032BBB8 /* Release */ = {
			isa = XCBuildConfiguration;
			buildSettings = {
				ASSETCATALOG_COMPILER_APPICON_NAME = AppIcon;
				ASSETCATALOG_COMPILER_GLOBAL_ACCENT_COLOR_NAME = AccentColor;
				CODE_SIGN_STYLE = Automatic;
				CURRENT_PROJECT_VERSION = 1;
				DEVELOPMENT_ASSET_PATHS = "\"Coqtails/Preview Content\"";
				DEVELOPMENT_TEAM = GD838ZZ7H8;
				ENABLE_PREVIEWS = YES;
				GENERATE_INFOPLIST_FILE = YES;
				INFOPLIST_KEY_UIApplicationSceneManifest_Generation = YES;
				INFOPLIST_KEY_UIApplicationSupportsIndirectInputEvents = YES;
				INFOPLIST_KEY_UILaunchScreen_Generation = YES;
				INFOPLIST_KEY_UISupportedInterfaceOrientations_iPad = "UIInterfaceOrientationPortrait UIInterfaceOrientationPortraitUpsideDown UIInterfaceOrientationLandscapeLeft UIInterfaceOrientationLandscapeRight";
				INFOPLIST_KEY_UISupportedInterfaceOrientations_iPhone = "UIInterfaceOrientationPortrait UIInterfaceOrientationLandscapeLeft UIInterfaceOrientationLandscapeRight";
				LD_RUNPATH_SEARCH_PATHS = (
					"$(inherited)",
					"@executable_path/Frameworks",
				);
				MARKETING_VERSION = 1.0;
				PRODUCT_BUNDLE_IDENTIFIER = com.thorssons.Coqtails;
				PRODUCT_NAME = "$(TARGET_NAME)";
				SWIFT_EMIT_LOC_STRINGS = YES;
				SWIFT_VERSION = 5.0;
				TARGETED_DEVICE_FAMILY = "1,2";
			};
			name = Release;
		};
		70DB83712BF8CDF50032BBB8 /* Debug */ = {
			isa = XCBuildConfiguration;
			buildSettings = {
				ALWAYS_EMBED_SWIFT_STANDARD_LIBRARIES = YES;
				BUNDLE_LOADER = "$(TEST_HOST)";
				CODE_SIGN_STYLE = Automatic;
				CURRENT_PROJECT_VERSION = 1;
				DEVELOPMENT_TEAM = GD838ZZ7H8;
				GENERATE_INFOPLIST_FILE = YES;
				IPHONEOS_DEPLOYMENT_TARGET = 17.2;
				MARKETING_VERSION = 1.0;
				PRODUCT_BUNDLE_IDENTIFIER = com.thorssons.CoqtailsTests;
				PRODUCT_NAME = "$(TARGET_NAME)";
				SWIFT_EMIT_LOC_STRINGS = NO;
				SWIFT_VERSION = 5.0;
				TARGETED_DEVICE_FAMILY = "1,2";
				TEST_HOST = "$(BUILT_PRODUCTS_DIR)/Coqtails.app/$(BUNDLE_EXECUTABLE_FOLDER_PATH)/Coqtails";
			};
			name = Debug;
		};
		70DB83722BF8CDF50032BBB8 /* Release */ = {
			isa = XCBuildConfiguration;
			buildSettings = {
				ALWAYS_EMBED_SWIFT_STANDARD_LIBRARIES = YES;
				BUNDLE_LOADER = "$(TEST_HOST)";
				CODE_SIGN_STYLE = Automatic;
				CURRENT_PROJECT_VERSION = 1;
				DEVELOPMENT_TEAM = GD838ZZ7H8;
				GENERATE_INFOPLIST_FILE = YES;
				IPHONEOS_DEPLOYMENT_TARGET = 17.2;
				MARKETING_VERSION = 1.0;
				PRODUCT_BUNDLE_IDENTIFIER = com.thorssons.CoqtailsTests;
				PRODUCT_NAME = "$(TARGET_NAME)";
				SWIFT_EMIT_LOC_STRINGS = NO;
				SWIFT_VERSION = 5.0;
				TARGETED_DEVICE_FAMILY = "1,2";
				TEST_HOST = "$(BUILT_PRODUCTS_DIR)/Coqtails.app/$(BUNDLE_EXECUTABLE_FOLDER_PATH)/Coqtails";
			};
			name = Release;
		};
		70DB83742BF8CDF50032BBB8 /* Debug */ = {
			isa = XCBuildConfiguration;
			buildSettings = {
				ALWAYS_EMBED_SWIFT_STANDARD_LIBRARIES = YES;
				CODE_SIGN_STYLE = Automatic;
				CURRENT_PROJECT_VERSION = 1;
				DEVELOPMENT_TEAM = GD838ZZ7H8;
				GENERATE_INFOPLIST_FILE = YES;
				MARKETING_VERSION = 1.0;
				PRODUCT_BUNDLE_IDENTIFIER = com.thorssons.CoqtailsUITests;
				PRODUCT_NAME = "$(TARGET_NAME)";
				SWIFT_EMIT_LOC_STRINGS = NO;
				SWIFT_VERSION = 5.0;
				TARGETED_DEVICE_FAMILY = "1,2";
				TEST_TARGET_NAME = Coqtails;
			};
			name = Debug;
		};
		70DB83752BF8CDF50032BBB8 /* Release */ = {
			isa = XCBuildConfiguration;
			buildSettings = {
				ALWAYS_EMBED_SWIFT_STANDARD_LIBRARIES = YES;
				CODE_SIGN_STYLE = Automatic;
				CURRENT_PROJECT_VERSION = 1;
				DEVELOPMENT_TEAM = GD838ZZ7H8;
				GENERATE_INFOPLIST_FILE = YES;
				MARKETING_VERSION = 1.0;
				PRODUCT_BUNDLE_IDENTIFIER = com.thorssons.CoqtailsUITests;
				PRODUCT_NAME = "$(TARGET_NAME)";
				SWIFT_EMIT_LOC_STRINGS = NO;
				SWIFT_VERSION = 5.0;
				TARGETED_DEVICE_FAMILY = "1,2";
				TEST_TARGET_NAME = Coqtails;
			};
			name = Release;
		};
/* End XCBuildConfiguration section */

/* Begin XCConfigurationList section */
		70DB83442BF8CDF30032BBB8 /* Build configuration list for PBXProject "Coqtails" */ = {
			isa = XCConfigurationList;
			buildConfigurations = (
				70DB836B2BF8CDF50032BBB8 /* Debug */,
				70DB836C2BF8CDF50032BBB8 /* Release */,
			);
			defaultConfigurationIsVisible = 0;
			defaultConfigurationName = Release;
		};
		70DB836D2BF8CDF50032BBB8 /* Build configuration list for PBXNativeTarget "Coqtails" */ = {
			isa = XCConfigurationList;
			buildConfigurations = (
				70DB836E2BF8CDF50032BBB8 /* Debug */,
				70DB836F2BF8CDF50032BBB8 /* Release */,
			);
			defaultConfigurationIsVisible = 0;
			defaultConfigurationName = Release;
		};
		70DB83702BF8CDF50032BBB8 /* Build configuration list for PBXNativeTarget "CoqtailsTests" */ = {
			isa = XCConfigurationList;
			buildConfigurations = (
				70DB83712BF8CDF50032BBB8 /* Debug */,
				70DB83722BF8CDF50032BBB8 /* Release */,
			);
			defaultConfigurationIsVisible = 0;
			defaultConfigurationName = Release;
		};
		70DB83732BF8CDF50032BBB8 /* Build configuration list for PBXNativeTarget "CoqtailsUITests" */ = {
			isa = XCConfigurationList;
			buildConfigurations = (
				70DB83742BF8CDF50032BBB8 /* Debug */,
				70DB83752BF8CDF50032BBB8 /* Release */,
			);
			defaultConfigurationIsVisible = 0;
			defaultConfigurationName = Release;
		};
/* End XCConfigurationList section */

/* Begin XCRemoteSwiftPackageReference section */
		70DB83CA2BF8FD7B0032BBB8 /* XCRemoteSwiftPackageReference "Kingfisher" */ = {
			isa = XCRemoteSwiftPackageReference;
			repositoryURL = "https://github.com/onevcat/Kingfisher";
			requirement = {
				kind = upToNextMajorVersion;
				minimumVersion = 7.11.0;
			};
		};
/* End XCRemoteSwiftPackageReference section */

/* Begin XCSwiftPackageProductDependency section */
		70DB83CB2BF8FD7B0032BBB8 /* Kingfisher */ = {
			isa = XCSwiftPackageProductDependency;
			package = 70DB83CA2BF8FD7B0032BBB8 /* XCRemoteSwiftPackageReference "Kingfisher" */;
			productName = Kingfisher;
		};
/* End XCSwiftPackageProductDependency section */
	};
	rootObject = 70DB83412BF8CDF30032BBB8 /* Project object */;
}
